github.com/myyrakle/go-swagger-ui v0.1.4 h1:Q7e1oaQgPzCLpuK+z5B0qN0i7FoU+2aiHkS6LSqHXcQ=
github.com/myyrakle/go-swagger-ui v0.1.4/go.mod h1:LicI9mPMzX5A8wmf2P7WLtfltfoLkTe2Jw3mFm52z9E=
github.com/myyrakle/go-swagger-ui/nethttp v0.2.1 h1:8daI7F7bM2v7bWW+8E/9gMDPTmGJevYrP1rfaAuHJA8=
github.com/myyrakle/go-swagger-ui/nethttp v0.2.1/go.mod h1:tEc4XMf8pZTvaItUHzgrw+fVG1t/Gzc00fT0hcBqRbk=
gopkg.in/check.v1 v0.0.0-20161208181325-20d25e280405 h1:yhCVgyC4o1eVCa2tZl7eS0r+SDo693bJlVdllGtEeKM=
gopkg.in/check.v1 v0.0.0-20161208181325-20d25e280405/go.mod h1:Co6ibVJAznAaIkqp8huTwlJQCZ016jof/cbN4VW5Yz0=
gopkg.in/yaml.v3 v3.0.1 h1:fxVm/GzAzEWqLHuvctI91KS9hhNmmWOoWu0XTYJS7CA=
gopkg.in/yaml.v3 v3.0.1/go.mod h1:K4uyk7z7BCEPqu6E+C64Yfv1cQ7kz7rIZviUmN+EgEM=
